
Microsoft Visual Studio Solution File, Format Version 12.00
# Visual Studio Version 16
VisualStudioVersion = 16.0.32106.194
MinimumVisualStudioVersion = 10.0.40219.1
Project("{FAE04EC0-301F-11D3-BF4B-00C04F79EFBC}") = "TestCommand", "TestCommand\TestCommand.csproj", "{4C914689-7492-4698-B6F7-D8B12287BF20}"
EndProject
Global
	GlobalSection(SolutionConfigurationPlatforms) = preSolution
		Debug|Any CPU = Debug|Any CPU
		Release|Any CPU = Release|Any CPU
	EndGlobalSection
	GlobalSection(ProjectConfigurationPlatforms) = postSolution
		{4C914689-7492-4698-B6F7-D8B12287BF20}.Debug|Any CPU.ActiveCfg = Debug|Any CPU
		{4C914689-7492-4698-B6F7-D8B12287BF20}.Debug|Any CPU.Build.0 = Debug|Any CPU
		{4C914689-7492-4698-B6F7-D8B12287BF20}.Release|Any CPU.ActiveCfg = Release|Any CPU
		{4C914689-7492-4698-B6F7-D8B12287BF20}.Release|Any CPU.Build.0 = Release|Any CPU
	EndGlobalSection
	GlobalSection(SolutionProperties) = preSolution
		HideSolutionNode = FALSE
	EndGlobalSection
	GlobalSection(ExtensibilityGlobals) = postSolution
		SolutionGuid = {C2C62071-1AD0-4170-9FCA-E725753A6A0A}
	EndGlobalSection
EndGlobal
